
Microsoft Visual Studio Solution File, Format Version 12.00
# Visual Studio Version 16
VisualStudioVersion = 16.0.29709.97
MinimumVisualStudioVersion = 10.0.40219.1
Project("{2150E333-8FDC-42A3-9474-1A3956D46DE8}") = "src", "src", "{C475524B-0570-4F45-845B-443EAB4CB77F}"
EndProject
Project("{2150E333-8FDC-42A3-9474-1A3956D46DE8}") = "test", "test", "{164DB66E-BFA6-4256-8540-481A732CC6B1}"
EndProject
Project("{9A19103F-16F7-4668-BE54-9A1E7A4F7556}") = "DomainEditor.Api", "src\DomainEditor.Api\DomainEditor.Api.csproj", "{9E96E975-3B21-4CC8-9E38-4234D8F034B8}"
EndProject
Project("{2150E333-8FDC-42A3-9474-1A3956D46DE8}") = "Adapters", "Adapters", "{DC24F2D1-F54C-4748-8720-11D2FBEB27F9}"
EndProject
Project("{9A19103F-16F7-4668-BE54-9A1E7A4F7556}") = "DomainEditor", "src\DomainEditor\DomainEditor.csproj", "{62A2F985-3FAC-4F6C-967F-31A522B6954D}"
EndProject
Project("{9A19103F-16F7-4668-BE54-9A1E7A4F7556}") = "DomainEditor.Tests.Unit", "test\DomainEditor.Tests.Unit\DomainEditor.Tests.Unit.csproj", "{F6E95365-41E0-4B90-92EA-937EF3F84B21}"
EndProject
Project("{9A19103F-16F7-4668-BE54-9A1E7A4F7556}") = "DomainEditor.Api.Tests.Unit", "test\DomainEditor.Api.Tests.Unit\DomainEditor.Api.Tests.Unit.csproj", "{FB6275E8-D63F-4340-8B0B-9F0064E8DF27}"
EndProject
Project("{E53339B2-1760-4266-BCC7-CA923CBCF16C}") = "docker-compose", "docker-compose.dcproj", "{36586224-2C62-474B-997E-55F4A873722A}"
EndProject
Project("{9A19103F-16F7-4668-BE54-9A1E7A4F7556}") = "DomainEditor.Adapters.Persistence.InMemory", "src\Adapters\DomainEditor.Adapters.Persistence.InMemory\DomainEditor.Adapters.Persistence.InMemory.csproj", "{2DC1C5C8-F0FD-4469-A886-26E8F2204DD4}"
EndProject
Global
	GlobalSection(SolutionConfigurationPlatforms) = preSolution
		Debug|Any CPU = Debug|Any CPU
		Release|Any CPU = Release|Any CPU
	EndGlobalSection
	GlobalSection(ProjectConfigurationPlatforms) = postSolution
		{9E96E975-3B21-4CC8-9E38-4234D8F034B8}.Debug|Any CPU.ActiveCfg = Debug|Any CPU
		{9E96E975-3B21-4CC8-9E38-4234D8F034B8}.Debug|Any CPU.Build.0 = Debug|Any CPU
		{9E96E975-3B21-4CC8-9E38-4234D8F034B8}.Release|Any CPU.ActiveCfg = Release|Any CPU
		{9E96E975-3B21-4CC8-9E38-4234D8F034B8}.Release|Any CPU.Build.0 = Release|Any CPU
		{62A2F985-3FAC-4F6C-967F-31A522B6954D}.Debug|Any CPU.ActiveCfg = Debug|Any CPU
		{62A2F985-3FAC-4F6C-967F-31A522B6954D}.Debug|Any CPU.Build.0 = Debug|Any CPU
		{62A2F985-3FAC-4F6C-967F-31A522B6954D}.Release|Any CPU.ActiveCfg = Release|Any CPU
		{62A2F985-3FAC-4F6C-967F-31A522B6954D}.Release|Any CPU.Build.0 = Release|Any CPU
		{F6E95365-41E0-4B90-92EA-937EF3F84B21}.Debug|Any CPU.ActiveCfg = Debug|Any CPU
		{F6E95365-41E0-4B90-92EA-937EF3F84B21}.Debug|Any CPU.Build.0 = Debug|Any CPU
		{F6E95365-41E0-4B90-92EA-937EF3F84B21}.Release|Any CPU.ActiveCfg = Release|Any CPU
		{F6E95365-41E0-4B90-92EA-937EF3F84B21}.Release|Any CPU.Build.0 = Release|Any CPU
		{FB6275E8-D63F-4340-8B0B-9F0064E8DF27}.Debug|Any CPU.ActiveCfg = Debug|Any CPU
		{FB6275E8-D63F-4340-8B0B-9F0064E8DF27}.Debug|Any CPU.Build.0 = Debug|Any CPU
		{FB6275E8-D63F-4340-8B0B-9F0064E8DF27}.Release|Any CPU.ActiveCfg = Release|Any CPU
		{FB6275E8-D63F-4340-8B0B-9F0064E8DF27}.Release|Any CPU.Build.0 = Release|Any CPU
		{36586224-2C62-474B-997E-55F4A873722A}.Debug|Any CPU.ActiveCfg = Debug|Any CPU
		{36586224-2C62-474B-997E-55F4A873722A}.Debug|Any CPU.Build.0 = Debug|Any CPU
		{36586224-2C62-474B-997E-55F4A873722A}.Release|Any CPU.ActiveCfg = Release|Any CPU
		{36586224-2C62-474B-997E-55F4A873722A}.Release|Any CPU.Build.0 = Release|Any CPU
		{2DC1C5C8-F0FD-4469-A886-26E8F2204DD4}.Debug|Any CPU.ActiveCfg = Debug|Any CPU
		{2DC1C5C8-F0FD-4469-A886-26E8F2204DD4}.Debug|Any CPU.Build.0 = Debug|Any CPU
		{2DC1C5C8-F0FD-4469-A886-26E8F2204DD4}.Release|Any CPU.ActiveCfg = Release|Any CPU
		{2DC1C5C8-F0FD-4469-A886-26E8F2204DD4}.Release|Any CPU.Build.0 = Release|Any CPU
	EndGlobalSection
	GlobalSection(SolutionProperties) = preSolution
		HideSolutionNode = FALSE
	EndGlobalSection
	GlobalSection(NestedProjects) = preSolution
		{9E96E975-3B21-4CC8-9E38-4234D8F034B8} = {C475524B-0570-4F45-845B-443EAB4CB77F}
		{DC24F2D1-F54C-4748-8720-11D2FBEB27F9} = {C475524B-0570-4F45-845B-443EAB4CB77F}
		{62A2F985-3FAC-4F6C-967F-31A522B6954D} = {C475524B-0570-4F45-845B-443EAB4CB77F}
		{F6E95365-41E0-4B90-92EA-937EF3F84B21} = {164DB66E-BFA6-4256-8540-481A732CC6B1}
		{FB6275E8-D63F-4340-8B0B-9F0064E8DF27} = {164DB66E-BFA6-4256-8540-481A732CC6B1}
		{2DC1C5C8-F0FD-4469-A886-26E8F2204DD4} = {DC24F2D1-F54C-4748-8720-11D2FBEB27F9}
	EndGlobalSection
	GlobalSection(ExtensibilityGlobals) = postSolution
		SolutionGuid = {49551F46-0491-4499-990F-20CBB6BCD3BC}
	EndGlobalSection
EndGlobal
